
Microsoft Visual Studio Solution File, Format Version 12.00
# Visual Studio Version 16
VisualStudioVersion = 16.0.30011.22
MinimumVisualStudioVersion = 10.0.40219.1
Project("{2150E333-8FDC-42A3-9474-1A3956D46DE8}") = "src", "src", "{389FC06B-F543-41B8-9874-726DA9878DDC}"
EndProject
Project("{2150E333-8FDC-42A3-9474-1A3956D46DE8}") = "Solution Items", "Solution Items", "{3A330984-9652-4DA1-99D3-B55E6DEAC6AA}"
	ProjectSection(SolutionItems) = preProject
		.editorconfig = .editorconfig
		src\WebDeployUpdates\CECloud.parameters.xml = src\WebDeployUpdates\CECloud.parameters.xml
		Customer.Sample.Solution.sln.DotSettings = Customer.Sample.Solution.sln.DotSettings
		nuget.config = nuget.config
		Sitecore.CodeQuality.DotSettings = Sitecore.CodeQuality.DotSettings
	EndProjectSection
EndProject
Project("{9A19103F-16F7-4668-BE54-9A1E7A4F7556}") = "Plugin.Sample.Habitat", "src\Plugin.Sample.Habitat\Plugin.Sample.Habitat.csproj", "{72203E4B-DA74-405C-9D33-193B38A0AA33}"
EndProject
Project("{9A19103F-16F7-4668-BE54-9A1E7A4F7556}") = "Sitecore.Commerce.Engine", "src\Sitecore.Commerce.Engine\Sitecore.Commerce.Engine.csproj", "{3E68F9A9-396C-487C-BEB9-C24E47721E2F}"
EndProject
Project("{2150E333-8FDC-42A3-9474-1A3956D46DE8}") = "CECloud_SCCPL", "CECloud_SCCPL", "{0946C395-5DF9-48DA-BB53-DC5CA2A4BEFE}"
EndProject
Project("{2150E333-8FDC-42A3-9474-1A3956D46DE8}") = "CopyToRoot", "CopyToRoot", "{541693FF-FDF0-4257-8EF4-814D8B2C3E21}"
	ProjectSection(SolutionItems) = preProject
		src\WebDeployUpdates\CECloud_SCCPL\CopyToRoot\CreateUser.Global.sql = src\WebDeployUpdates\CECloud_SCCPL\CopyToRoot\CreateUser.Global.sql
		src\WebDeployUpdates\CECloud_SCCPL\CopyToRoot\CreateUser.Shared.sql = src\WebDeployUpdates\CECloud_SCCPL\CopyToRoot\CreateUser.Shared.sql
	EndProjectSection
EndProject
Project("{9A19103F-16F7-4668-BE54-9A1E7A4F7556}") = "Plugin.Sync.Commerce.CatalogImport", "src\Plugin.Sync.Commerce.CatalogImport\Plugin.Sync.Commerce.CatalogImport.csproj", "{E44B7FAD-8EB3-471A-9351-4E3BD7A39476}"
EndProject
Project("{9A19103F-16F7-4668-BE54-9A1E7A4F7556}") = "Plugin.Sync.Commerce.EntitiesMigration", "src\Plugin.Sync.Commerce.EntitiesMigration\Plugin.Sync.Commerce.EntitiesMigration.csproj", "{8C5D12B9-0433-4398-AE28-53E5BEA18369}"
EndProject
Global
	GlobalSection(SolutionConfigurationPlatforms) = preSolution
		Debug|Any CPU = Debug|Any CPU
		Release|Any CPU = Release|Any CPU
	EndGlobalSection
	GlobalSection(ProjectConfigurationPlatforms) = postSolution
		{72203E4B-DA74-405C-9D33-193B38A0AA33}.Debug|Any CPU.ActiveCfg = Debug|Any CPU
		{72203E4B-DA74-405C-9D33-193B38A0AA33}.Debug|Any CPU.Build.0 = Debug|Any CPU
		{72203E4B-DA74-405C-9D33-193B38A0AA33}.Release|Any CPU.ActiveCfg = Release|Any CPU
		{72203E4B-DA74-405C-9D33-193B38A0AA33}.Release|Any CPU.Build.0 = Release|Any CPU
		{3E68F9A9-396C-487C-BEB9-C24E47721E2F}.Debug|Any CPU.ActiveCfg = Debug|Any CPU
		{3E68F9A9-396C-487C-BEB9-C24E47721E2F}.Debug|Any CPU.Build.0 = Debug|Any CPU
		{3E68F9A9-396C-487C-BEB9-C24E47721E2F}.Release|Any CPU.ActiveCfg = Release|Any CPU
		{3E68F9A9-396C-487C-BEB9-C24E47721E2F}.Release|Any CPU.Build.0 = Release|Any CPU
		{E44B7FAD-8EB3-471A-9351-4E3BD7A39476}.Debug|Any CPU.ActiveCfg = Debug|Any CPU
		{E44B7FAD-8EB3-471A-9351-4E3BD7A39476}.Debug|Any CPU.Build.0 = Debug|Any CPU
		{E44B7FAD-8EB3-471A-9351-4E3BD7A39476}.Release|Any CPU.ActiveCfg = Release|Any CPU
		{E44B7FAD-8EB3-471A-9351-4E3BD7A39476}.Release|Any CPU.Build.0 = Release|Any CPU
		{8C5D12B9-0433-4398-AE28-53E5BEA18369}.Debug|Any CPU.ActiveCfg = Debug|Any CPU
		{8C5D12B9-0433-4398-AE28-53E5BEA18369}.Debug|Any CPU.Build.0 = Debug|Any CPU
		{8C5D12B9-0433-4398-AE28-53E5BEA18369}.Release|Any CPU.ActiveCfg = Release|Any CPU
		{8C5D12B9-0433-4398-AE28-53E5BEA18369}.Release|Any CPU.Build.0 = Release|Any CPU
	EndGlobalSection
	GlobalSection(SolutionProperties) = preSolution
		HideSolutionNode = FALSE
	EndGlobalSection
	GlobalSection(NestedProjects) = preSolution
		{72203E4B-DA74-405C-9D33-193B38A0AA33} = {389FC06B-F543-41B8-9874-726DA9878DDC}
		{3E68F9A9-396C-487C-BEB9-C24E47721E2F} = {389FC06B-F543-41B8-9874-726DA9878DDC}
		{0946C395-5DF9-48DA-BB53-DC5CA2A4BEFE} = {3A330984-9652-4DA1-99D3-B55E6DEAC6AA}
		{541693FF-FDF0-4257-8EF4-814D8B2C3E21} = {0946C395-5DF9-48DA-BB53-DC5CA2A4BEFE}
		{E44B7FAD-8EB3-471A-9351-4E3BD7A39476} = {389FC06B-F543-41B8-9874-726DA9878DDC}
		{8C5D12B9-0433-4398-AE28-53E5BEA18369} = {389FC06B-F543-41B8-9874-726DA9878DDC}
	EndGlobalSection
	GlobalSection(ExtensibilityGlobals) = postSolution
		SolutionGuid = {32813392-1C11-4D75-BF11-1ECBEF674669}
	EndGlobalSection
EndGlobal
